// !$*UTF8*$!
{
	archiveVersion = 1;
	classes = {
	};
	objectVersion = 77;
	objects = {

/* Begin PBXContainerItemProxy section */
		37E085252F9F8F7A004CC725 /* PBXContainerItemProxy */ = {
			isa = PBXContainerItemProxy;
			containerPortal = 37E0850F2F9F8F77004CC725 /* Project object */;
			proxyType = 1;
			remoteGlobalIDString = 37E085162F9F8F77004CC725;
			remoteInfo = "cursor-cam";
		};
		37E0852F2F9F8F7A004CC725 /* PBXContainerItemProxy */ = {
			isa = PBXContainerItemProxy;
			containerPortal = 37E0850F2F9F8F77004CC725 /* Project object */;
			proxyType = 1;
			remoteGlobalIDString = 37E085162F9F8F77004CC725;
			remoteInfo = "cursor-cam";
		};
/* End PBXContainerItemProxy section */

/* Begin PBXFileReference section */
		37E085172F9F8F77004CC725 /* cursor-cam.app */ = {isa = PBXFileReference; explicitFileType = wrapper.application; includeInIndex = 0; path = "cursor-cam.app"; sourceTree = BUILT_PRODUCTS_DIR; };
		37E085242F9F8F7A004CC725 /* cursor-camTests.xctest */ = {isa = PBXFileReference; explicitFileType = wrapper.cfbundle; includeInIndex = 0; path = "cursor-camTests.xctest"; sourceTree = BUILT_PRODUCTS_DIR; };
		37E0852E2F9F8F7A004CC725 /* cursor-camUITests.xctest */ = {isa = PBXFileReference; explicitFileType = wrapper.cfbundle; includeInIndex = 0; path = "cursor-camUITests.xctest"; sourceTree = BUILT_PRODUCTS_DIR; };
/* End PBXFileReference section */

/* Begin PBXFileSystemSynchronizedRootGroup section */
		37E085192F9F8F77004CC725 /* cursor-cam */ = {
			isa = PBXFileSystemSynchronizedRootGroup;
			path = "cursor-cam";
			sourceTree = "<group>";
		};
		37E085272F9F8F7A004CC725 /* cursor-camTests */ = {
			isa = PBXFileSystemSynchronizedRootGroup;
			path = "cursor-camTests";
			sourceTree = "<group>";
		};
		37E085312F9F8F7A004CC725 /* cursor-camUITests */ = {
			isa = PBXFileSystemSynchronizedRootGroup;
			path = "cursor-camUITests";
			sourceTree = "<group>";
		};
/* End PBXFileSystemSynchronizedRootGroup section */

/* Begin PBXFrameworksBuildPhase section */
		37E085142F9F8F77004CC725 /* Frameworks */ = {
			isa = PBXFrameworksBuildPhase;
			buildActionMask = 2147483647;
			files = (
			);
			runOnlyForDeploymentPostprocessing = 0;
		};
		37E085212F9F8F7A004CC725 /* Frameworks */ = {
			isa = PBXFrameworksBuildPhase;
			buildActionMask = 2147483647;
			files = (
			);
			runOnlyForDeploymentPostprocessing = 0;
		};
		37E0852B2F9F8F7A004CC725 /* Frameworks */ = {
			isa = PBXFrameworksBuildPhase;
			buildActionMask = 2147483647;
			files = (
			);
			runOnlyForDeploymentPostprocessing = 0;
		};
/* End PBXFrameworksBuildPhase section */

/* Begin PBXGroup section */
		37E0850E2F9F8F77004CC725 = {
			isa = PBXGroup;
			children = (
				37E085192F9F8F77004CC725 /* cursor-cam */,
				37E085272F9F8F7A004CC725 /* cursor-camTests */,
				37E085312F9F8F7A004CC725 /* cursor-camUITests */,
				37E085182F9F8F77004CC725 /* Products */,
			);
			sourceTree = "<group>";
		};
		37E085182F9F8F77004CC725 /* Products */ = {
			isa = PBXGroup;
			children = (
				37E085172F9F8F77004CC725 /* cursor-cam.app */,
				37E085242F9F8F7A004CC725 /* cursor-camTests.xctest */,
				37E0852E2F9F8F7A004CC725 /* cursor-camUITests.xctest */,
			);
			name = Products;
			sourceTree = "<group>";
		};
/* End PBXGroup section */

/* Begin PBXNativeTarget section */
		37E085162F9F8F77004CC725 /* cursor-cam */ = {
			isa = PBXNativeTarget;
			buildConfigurationList = 37E085382F9F8F7A004CC725 /* Build configuration list for PBXNativeTarget "cursor-cam" */;
			buildPhases = (
				37E085132F9F8F77004CC725 /* Sources */,
				37E085142F9F8F77004CC725 /* Frameworks */,
				37E085152F9F8F77004CC725 /* Resources */,
			);
			buildRules = (
			);
			dependencies = (
			);
			fileSystemSynchronizedGroups = (
				37E085192F9F8F77004CC725 /* cursor-cam */,
			);
			name = "cursor-cam";
			packageProductDependencies = (
			);
			productName = "cursor-cam";
			productReference = 37E085172F9F8F77004CC725 /* cursor-cam.app */;
			productType = "com.apple.product-type.application";
		};
		37E085232F9F8F7A004CC725 /* cursor-camTests */ = {
			isa = PBXNativeTarget;
			buildConfigurationList = 37E0853B2F9F8F7A004CC725 /* Build configuration list for PBXNativeTarget "cursor-camTests" */;
			buildPhases = (
				37E085202F9F8F7A004CC725 /* Sources */,
				37E085212F9F8F7A004CC725 /* Frameworks */,
				37E085222F9F8F7A004CC725 /* Resources */,
			);
			buildRules = (
			);
			dependencies = (
				37E085262F9F8F7A004CC725 /* PBXTargetDependency */,
			);
			fileSystemSynchronizedGroups = (
				37E085272F9F8F7A004CC725 /* cursor-camTests */,
			);
			name = "cursor-camTests";
			packageProductDependencies = (
			);
			productName = "cursor-camTests";
			productReference = 37E085242F9F8F7A004CC725 /* cursor-camTests.xctest */;
			productType = "com.apple.product-type.bundle.unit-test";
		};
		37E0852D2F9F8F7A004CC725 /* cursor-camUITests */ = {
			isa = PBXNativeTarget;
			buildConfigurationList = 37E0853E2F9F8F7A004CC725 /* Build configuration list for PBXNativeTarget "cursor-camUITests" */;
			buildPhases = (
				37E0852A2F9F8F7A004CC725 /* Sources */,
				37E0852B2F9F8F7A004CC725 /* Frameworks */,
				37E0852C2F9F8F7A004CC725 /* Resources */,
			);
			buildRules = (
			);
			dependencies = (
				37E085302F9F8F7A004CC725 /* PBXTargetDependency */,
			);
			fileSystemSynchronizedGroups = (
				37E085312F9F8F7A004CC725 /* cursor-camUITests */,
			);
			name = "cursor-camUITests";
			packageProductDependencies = (
			);
			productName = "cursor-camUITests";
			productReference = 37E0852E2F9F8F7A004CC725 /* cursor-camUITests.xctest */;
			productType = "com.apple.product-type.bundle.ui-testing";
		};
/* End PBXNativeTarget section */

/* Begin PBXProject section */
		37E0850F2F9F8F77004CC725 /* Project object */ = {
			isa = PBXProject;
			attributes = {
				BuildIndependentTargetsInParallel = 1;
				LastSwiftUpdateCheck = 2600;
				LastUpgradeCheck = 2600;
				TargetAttributes = {
					37E085162F9F8F77004CC725 = {
						CreatedOnToolsVersion = 26.0;
					};
					37E085232F9F8F7A004CC725 = {
						CreatedOnToolsVersion = 26.0;
						TestTargetID = 37E085162F9F8F77004CC725;
					};
					37E0852D2F9F8F7A004CC725 = {
						CreatedOnToolsVersion = 26.0;
						TestTargetID = 37E085162F9F8F77004CC725;
					};
				};
			};
			buildConfigurationList = 37E085122F9F8F77004CC725 /* Build configuration list for PBXProject "cursor-cam" */;
			developmentRegion = en;
			hasScannedForEncodings = 0;
			knownRegions = (
				en,
				Base,
			);
			mainGroup = 37E0850E2F9F8F77004CC725;
			minimizedProjectReferenceProxies = 1;
			preferredProjectObjectVersion = 77;
			productRefGroup = 37E085182F9F8F77004CC725 /* Products */;
			projectDirPath = "";
			projectRoot = "";
			targets = (
				37E085162F9F8F77004CC725 /* cursor-cam */,
				37E085232F9F8F7A004CC725 /* cursor-camTests */,
				37E0852D2F9F8F7A004CC725 /* cursor-camUITests */,
			);
		};
/* End PBXProject section */

/* Begin PBXResourcesBuildPhase section */
		37E085152F9F8F77004CC725 /* Resources */ = {
			isa = PBXResourcesBuildPhase;
			buildActionMask = 2147483647;
			files = (
			);
			runOnlyForDeploymentPostprocessing = 0;
		};
		37E085222F9F8F7A004CC725 /* Resources */ = {
			isa = PBXResourcesBuildPhase;
			buildActionMask = 2147483647;
			files = (
			);
			runOnlyForDeploymentPostprocessing = 0;
		};
		37E0852C2F9F8F7A004CC725 /* Resources */ = {
			isa = PBXResourcesBuildPhase;
			buildActionMask = 2147483647;
			files = (
			);
			runOnlyForDeploymentPostprocessing = 0;
		};
/* End PBXResourcesBuildPhase section */

/* Begin PBXSourcesBuildPhase section */
		37E085132F9F8F77004CC725 /* Sources */ = {
			isa = PBXSourcesBuildPhase;
			buildActionMask = 2147483647;
			files = (
			);
			runOnlyForDeploymentPostprocessing = 0;
		};
		37E085202F9F8F7A004CC725 /* Sources */ = {
			isa = PBXSourcesBuildPhase;
			buildActionMask = 2147483647;
			files = (
			);
			runOnlyForDeploymentPostprocessing = 0;
		};
		37E0852A2F9F8F7A004CC725 /* Sources */ = {
			isa = PBXSourcesBuildPhase;
			buildActionMask = 2147483647;
			files = (
			);
			runOnlyForDeploymentPostprocessing = 0;
		};
/* End PBXSourcesBuildPhase section */

/* Begin PBXTargetDependency section */
		37E085262F9F8F7A004CC725 /* PBXTargetDependency */ = {
			isa = PBXTargetDependency;
			target = 37E085162F9F8F77004CC725 /* cursor-cam */;
			targetProxy = 37E085252F9F8F7A004CC725 /* PBXContainerItemProxy */;
		};
		37E085302F9F8F7A004CC725 /* PBXTargetDependency */ = {
			isa = PBXTargetDependency;
			target = 37E085162F9F8F77004CC725 /* cursor-cam */;
			targetProxy = 37E0852F2F9F8F7A004CC725 /* PBXContainerItemProxy */;
		};
/* End PBXTargetDependency section */

/* Begin XCBuildConfiguration section */
		37E085362F9F8F7A004CC725 /* Debug */ = {
			isa = XCBuildConfiguration;
			buildSettings = {
				ALWAYS_SEARCH_USER_PATHS = NO;
				ASSETCATALOG_COMPILER_GENERATE_SWIFT_ASSET_SYMBOL_EXTENSIONS = YES;
				CLANG_ANALYZER_NONNULL = YES;
				CLANG_ANALYZER_NUMBER_OBJECT_CONVERSION = YES_AGGRESSIVE;
				CLANG_CXX_LANGUAGE_STANDARD = "gnu++20";
				CLANG_ENABLE_MODULES = YES;
				CLANG_ENABLE_OBJC_ARC = YES;
				CLANG_ENABLE_OBJC_WEAK = YES;
				CLANG_WARN_BLOCK_CAPTURE_AUTORELEASING = YES;
				CLANG_WARN_BOOL_CONVERSION = YES;
				CLANG_WARN_COMMA = YES;
				CLANG_WARN_CONSTANT_CONVERSION = YES;
				CLANG_WARN_DEPRECATED_OBJC_IMPLEMENTATIONS = YES;
				CLANG_WARN_DIRECT_OBJC_ISA_USAGE = YES_ERROR;
				CLANG_WARN_DOCUMENTATION_COMMENTS = YES;
				CLANG_WARN_EMPTY_BODY = YES;
				CLANG_WARN_ENUM_CONVERSION = YES;
				CLANG_WARN_INFINITE_RECURSION = YES;
				CLANG_WARN_INT_CONVERSION = YES;
				CLANG_WARN_NON_LITERAL_NULL_CONVERSION = YES;
				CLANG_WARN_OBJC_IMPLICIT_RETAIN_SELF = YES;
				CLANG_WARN_OBJC_LITERAL_CONVERSION = YES;
				CLANG_WARN_OBJC_ROOT_CLASS = YES_ERROR;
				CLANG_WARN_QUOTED_INCLUDE_IN_FRAMEWORK_HEADER = YES;
				CLANG_WARN_RANGE_LOOP_ANALYSIS = YES;
				CLANG_WARN_STRICT_PROTOTYPES = YES;
				CLANG_WARN_SUSPICIOUS_MOVE = YES;
				CLANG_WARN_UNGUARDED_AVAILABILITY = YES_AGGRESSIVE;
				CLANG_WARN_UNREACHABLE_CODE = YES;
				CLANG_WARN__DUPLICATE_METHOD_MATCH = YES;
				COPY_PHASE_STRIP = NO;
				DEBUG_INFORMATION_FORMAT = dwarf;
				DEVELOPMENT_TEAM = H7TFWDSPPL;
				ENABLE_STRICT_OBJC_MSGSEND = YES;
				ENABLE_TESTABILITY = YES;
				ENABLE_USER_SCRIPT_SANDBOXING = YES;
				GCC_C_LANGUAGE_STANDARD = gnu17;
				GCC_DYNAMIC_NO_PIC = NO;
				GCC_NO_COMMON_BLOCKS = YES;
				GCC_OPTIMIZATION_LEVEL = 0;
				GCC_PREPROCESSOR_DEFINITIONS = (
					"DEBUG=1",
					"$(inherited)",
				);
				GCC_WARN_64_TO_32_BIT_CONVERSION = YES;
				GCC_WARN_ABOUT_RETURN_TYPE = YES_ERROR;
				GCC_WARN_UNDECLARED_SELECTOR = YES;
				GCC_WARN_UNINITIALIZED_AUTOS = YES_AGGRESSIVE;
				GCC_WARN_UNUSED_FUNCTION = YES;
				GCC_WARN_UNUSED_VARIABLE = YES;
				LOCALIZATION_PREFERS_STRING_CATALOGS = YES;
				MACOSX_DEPLOYMENT_TARGET = 15.0;
				MTL_ENABLE_DEBUG_INFO = INCLUDE_SOURCE;
				MTL_FAST_MATH = YES;
				ONLY_ACTIVE_ARCH = YES;
				SDKROOT = macosx;
				SWIFT_ACTIVE_COMPILATION_CONDITIONS = "DEBUG $(inherited)";
				SWIFT_OPTIMIZATION_LEVEL = "-Onone";
			};
			name = Debug;
		};
		37E085372F9F8F7A004CC725 /* Release */ = {
			isa = XCBuildConfiguration;
			buildSettings = {
				ALWAYS_SEARCH_USER_PATHS = NO;
				ASSETCATALOG_COMPILER_GENERATE_SWIFT_ASSET_SYMBOL_EXTENSIONS = YES;
				CLANG_ANALYZER_NONNULL = YES;
				CLANG_ANALYZER_NUMBER_OBJECT_CONVERSION = YES_AGGRESSIVE;
				CLANG_CXX_LANGUAGE_STANDARD = "gnu++20";
				CLANG_ENABLE_MODULES = YES;
				CLANG_ENABLE_OBJC_ARC = YES;
				CLANG_ENABLE_OBJC_WEAK = YES;
				CLANG_WARN_BLOCK_CAPTURE_AUTORELEASING = YES;
				CLANG_WARN_BOOL_CONVERSION = YES;
				CLANG_WARN_COMMA = YES;
				CLANG_WARN_CONSTANT_CONVERSION = YES;
				CLANG_WARN_DEPRECATED_OBJC_IMPLEMENTATIONS = YES;
				CLANG_WARN_DIRECT_OBJC_ISA_USAGE = YES_ERROR;
				CLANG_WARN_DOCUMENTATION_COMMENTS = YES;
				CLANG_WARN_EMPTY_BODY = YES;
				CLANG_WARN_ENUM_CONVERSION = YES;
				CLANG_WARN_INFINITE_RECURSION = YES;
				CLANG_WARN_INT_CONVERSION = YES;
				CLANG_WARN_NON_LITERAL_NULL_CONVERSION = YES;
				CLANG_WARN_OBJC_IMPLICIT_RETAIN_SELF = YES;
				CLANG_WARN_OBJC_LITERAL_CONVERSION = YES;
				CLANG_WARN_OBJC_ROOT_CLASS = YES_ERROR;
				CLANG_WARN_QUOTED_INCLUDE_IN_FRAMEWORK_HEADER = YES;
				CLANG_WARN_RANGE_LOOP_ANALYSIS = YES;
				CLANG_WARN_STRICT_PROTOTYPES = YES;
				CLANG_WARN_SUSPICIOUS_MOVE = YES;
				CLANG_WARN_UNGUARDED_AVAILABILITY = YES_AGGRESSIVE;
				CLANG_WARN_UNREACHABLE_CODE = YES;
				CLANG_WARN__DUPLICATE_METHOD_MATCH = YES;
				COPY_PHASE_STRIP = NO;
				DEBUG_INFORMATION_FORMAT = "dwarf-with-dsym";
				DEVELOPMENT_TEAM = H7TFWDSPPL;
				ENABLE_NS_ASSERTIONS = NO;
				ENABLE_STRICT_OBJC_MSGSEND = YES;
				ENABLE_USER_SCRIPT_SANDBOXING = YES;
				GCC_C_LANGUAGE_STANDARD = gnu17;
				GCC_NO_COMMON_BLOCKS = YES;
				GCC_WARN_64_TO_32_BIT_CONVERSION = YES;
				GCC_WARN_ABOUT_RETURN_TYPE = YES_ERROR;
				GCC_WARN_UNDECLARED_SELECTOR = YES;
				GCC_WARN_UNINITIALIZED_AUTOS = YES_AGGRESSIVE;
				GCC_WARN_UNUSED_FUNCTION = YES;
				GCC_WARN_UNUSED_VARIABLE = YES;
				LOCALIZATION_PREFERS_STRING_CATALOGS = YES;
				MACOSX_DEPLOYMENT_TARGET = 15.0;
				MTL_ENABLE_DEBUG_INFO = NO;
				MTL_FAST_MATH = YES;
				SDKROOT = macosx;
				SWIFT_COMPILATION_MODE = wholemodule;
			};
			name = Release;
		};
		37E085392F9F8F7A004CC725 /* Debug */ = {
			isa = XCBuildConfiguration;
			buildSettings = {
				ASSETCATALOG_COMPILER_APPICON_NAME = AppIcon;
				ASSETCATALOG_COMPILER_GLOBAL_ACCENT_COLOR_NAME = AccentColor;
				CODE_SIGN_ENTITLEMENTS = "cursor-cam/Resources/CursorCam.entitlements";
				CODE_SIGN_STYLE = Automatic;
				COMBINE_HIDPI_IMAGES = YES;
				CURRENT_PROJECT_VERSION = 1;
				DEVELOPMENT_TEAM = H7TFWDSPPL;
				ENABLE_APP_SANDBOX = NO;
				ENABLE_HARDENED_RUNTIME = YES;
				ENABLE_PREVIEWS = YES;
				ENABLE_USER_SELECTED_FILES = readonly;
				GENERATE_INFOPLIST_FILE = YES;
				INFOPLIST_KEY_LSUIElement = YES;
				INFOPLIST_KEY_NSCameraUsageDescription = "Cursor-Cam needs camera access to show your video overlay.";
				INFOPLIST_KEY_NSHumanReadableCopyright = "";
				LD_RUNPATH_SEARCH_PATHS = (
					"$(inherited)",
					"@executable_path/../Frameworks",
				);
				MACOSX_DEPLOYMENT_TARGET = 15.0;
				MARKETING_VERSION = 1.0;
				PRODUCT_BUNDLE_IDENTIFIER = "com.lahfir.cursor-cam";
				PRODUCT_NAME = "$(TARGET_NAME)";
				REGISTER_APP_GROUPS = YES;
				STRING_CATALOG_GENERATE_SYMBOLS = YES;
				SWIFT_APPROACHABLE_CONCURRENCY = YES;
				SWIFT_DEFAULT_ACTOR_ISOLATION = MainActor;
				SWIFT_EMIT_LOC_STRINGS = YES;
				SWIFT_UPCOMING_FEATURE_MEMBER_IMPORT_VISIBILITY = YES;
				SWIFT_VERSION = 5.0;
			};
			name = Debug;
		};
		37E0853A2F9F8F7A004CC725 /* Release */ = {
			isa = XCBuildConfiguration;
			buildSettings = {
				ASSETCATALOG_COMPILER_APPICON_NAME = AppIcon;
				ASSETCATALOG_COMPILER_GLOBAL_ACCENT_COLOR_NAME = AccentColor;
				CODE_SIGN_ENTITLEMENTS = "cursor-cam/Resources/CursorCam.entitlements";
				CODE_SIGN_STYLE = Automatic;
				COMBINE_HIDPI_IMAGES = YES;
				CURRENT_PROJECT_VERSION = 1;
				DEVELOPMENT_TEAM = H7TFWDSPPL;
				ENABLE_APP_SANDBOX = NO;
				ENABLE_HARDENED_RUNTIME = YES;
				ENABLE_PREVIEWS = YES;
				ENABLE_USER_SELECTED_FILES = readonly;
				GENERATE_INFOPLIST_FILE = YES;
				INFOPLIST_KEY_LSUIElement = YES;
				INFOPLIST_KEY_NSCameraUsageDescription = "Cursor-Cam needs camera access to show your video overlay.";
				INFOPLIST_KEY_NSHumanReadableCopyright = "";
				LD_RUNPATH_SEARCH_PATHS = (
					"$(inherited)",
					"@executable_path/../Frameworks",
				);
				MACOSX_DEPLOYMENT_TARGET = 15.0;
				MARKETING_VERSION = 1.0;
				PRODUCT_BUNDLE_IDENTIFIER = "com.lahfir.cursor-cam";
				PRODUCT_NAME = "$(TARGET_NAME)";
				REGISTER_APP_GROUPS = YES;
				STRING_CATALOG_GENERATE_SYMBOLS = YES;
				SWIFT_APPROACHABLE_CONCURRENCY = YES;
				SWIFT_DEFAULT_ACTOR_ISOLATION = MainActor;
				SWIFT_EMIT_LOC_STRINGS = YES;
				SWIFT_UPCOMING_FEATURE_MEMBER_IMPORT_VISIBILITY = YES;
				SWIFT_VERSION = 5.0;
			};
			name = Release;
		};
		37E0853C2F9F8F7A004CC725 /* Debug */ = {
			isa = XCBuildConfiguration;
			buildSettings = {
				BUNDLE_LOADER = "$(TEST_HOST)";
				CODE_SIGN_STYLE = Automatic;
				CURRENT_PROJECT_VERSION = 1;
				DEVELOPMENT_TEAM = H7TFWDSPPL;
				GENERATE_INFOPLIST_FILE = YES;
				MACOSX_DEPLOYMENT_TARGET = 15.0;
				MARKETING_VERSION = 1.0;
				PRODUCT_BUNDLE_IDENTIFIER = "com.lahfir.cursor-camTests";
				PRODUCT_NAME = "$(TARGET_NAME)";
				STRING_CATALOG_GENERATE_SYMBOLS = NO;
				SWIFT_APPROACHABLE_CONCURRENCY = YES;
				SWIFT_EMIT_LOC_STRINGS = NO;
				SWIFT_UPCOMING_FEATURE_MEMBER_IMPORT_VISIBILITY = YES;
				SWIFT_VERSION = 5.0;
				TEST_HOST = "$(BUILT_PRODUCTS_DIR)/cursor-cam.app/$(BUNDLE_EXECUTABLE_FOLDER_PATH)/cursor-cam";
			};
			name = Debug;
		};
		37E0853D2F9F8F7A004CC725 /* Release */ = {
			isa = XCBuildConfiguration;
			buildSettings = {
				BUNDLE_LOADER = "$(TEST_HOST)";
				CODE_SIGN_STYLE = Automatic;
				CURRENT_PROJECT_VERSION = 1;
				DEVELOPMENT_TEAM = H7TFWDSPPL;
				GENERATE_INFOPLIST_FILE = YES;
				MACOSX_DEPLOYMENT_TARGET = 15.0;
				MARKETING_VERSION = 1.0;
				PRODUCT_BUNDLE_IDENTIFIER = "com.lahfir.cursor-camTests";
				PRODUCT_NAME = "$(TARGET_NAME)";
				STRING_CATALOG_GENERATE_SYMBOLS = NO;
				SWIFT_APPROACHABLE_CONCURRENCY = YES;
				SWIFT_EMIT_LOC_STRINGS = NO;
				SWIFT_UPCOMING_FEATURE_MEMBER_IMPORT_VISIBILITY = YES;
				SWIFT_VERSION = 5.0;
				TEST_HOST = "$(BUILT_PRODUCTS_DIR)/cursor-cam.app/$(BUNDLE_EXECUTABLE_FOLDER_PATH)/cursor-cam";
			};
			name = Release;
		};
		37E0853F2F9F8F7A004CC725 /* Debug */ = {
			isa = XCBuildConfiguration;
			buildSettings = {
				CODE_SIGN_STYLE = Automatic;
				CURRENT_PROJECT_VERSION = 1;
				DEVELOPMENT_TEAM = H7TFWDSPPL;
				GENERATE_INFOPLIST_FILE = YES;
				MARKETING_VERSION = 1.0;
				PRODUCT_BUNDLE_IDENTIFIER = "com.lahfir.cursor-camUITests";
				PRODUCT_NAME = "$(TARGET_NAME)";
				STRING_CATALOG_GENERATE_SYMBOLS = NO;
				SWIFT_APPROACHABLE_CONCURRENCY = YES;
				SWIFT_EMIT_LOC_STRINGS = NO;
				SWIFT_UPCOMING_FEATURE_MEMBER_IMPORT_VISIBILITY = YES;
				SWIFT_VERSION = 5.0;
				TEST_TARGET_NAME = "cursor-cam";
			};
			name = Debug;
		};
		37E085402F9F8F7A004CC725 /* Release */ = {
			isa = XCBuildConfiguration;
			buildSettings = {
				CODE_SIGN_STYLE = Automatic;
				CURRENT_PROJECT_VERSION = 1;
				DEVELOPMENT_TEAM = H7TFWDSPPL;
				GENERATE_INFOPLIST_FILE = YES;
				MARKETING_VERSION = 1.0;
				PRODUCT_BUNDLE_IDENTIFIER = "com.lahfir.cursor-camUITests";
				PRODUCT_NAME = "$(TARGET_NAME)";
				STRING_CATALOG_GENERATE_SYMBOLS = NO;
				SWIFT_APPROACHABLE_CONCURRENCY = YES;
				SWIFT_EMIT_LOC_STRINGS = NO;
				SWIFT_UPCOMING_FEATURE_MEMBER_IMPORT_VISIBILITY = YES;
				SWIFT_VERSION = 5.0;
				TEST_TARGET_NAME = "cursor-cam";
			};
			name = Release;
		};
/* End XCBuildConfiguration section */

/* Begin XCConfigurationList section */
		37E085122F9F8F77004CC725 /* Build configuration list for PBXProject "cursor-cam" */ = {
			isa = XCConfigurationList;
			buildConfigurations = (
				37E085362F9F8F7A004CC725 /* Debug */,
				37E085372F9F8F7A004CC725 /* Release */,
			);
			defaultConfigurationIsVisible = 0;
			defaultConfigurationName = Release;
		};
		37E085382F9F8F7A004CC725 /* Build configuration list for PBXNativeTarget "cursor-cam" */ = {
			isa = XCConfigurationList;
			buildConfigurations = (
				37E085392F9F8F7A004CC725 /* Debug */,
				37E0853A2F9F8F7A004CC725 /* Release */,
			);
			defaultConfigurationIsVisible = 0;
			defaultConfigurationName = Release;
		};
		37E0853B2F9F8F7A004CC725 /* Build configuration list for PBXNativeTarget "cursor-camTests" */ = {
			isa = XCConfigurationList;
			buildConfigurations = (
				37E0853C2F9F8F7A004CC725 /* Debug */,
				37E0853D2F9F8F7A004CC725 /* Release */,
			);
			defaultConfigurationIsVisible = 0;
			defaultConfigurationName = Release;
		};
		37E0853E2F9F8F7A004CC725 /* Build configuration list for PBXNativeTarget "cursor-camUITests" */ = {
			isa = XCConfigurationList;
			buildConfigurations = (
				37E0853F2F9F8F7A004CC725 /* Debug */,
				37E085402F9F8F7A004CC725 /* Release */,
			);
			defaultConfigurationIsVisible = 0;
			defaultConfigurationName = Release;
		};
/* End XCConfigurationList section */
	};
	rootObject = 37E0850F2F9F8F77004CC725 /* Project object */;
}
